{
	"name": "chadgpt",
	"version": "1.0.0",
	"lockfileVersion": 3,
	"requires": true,
	"packages": {
		"": {
			"name": "chadgpt",
			"version": "1.0.0",
			"license": "ISC",
			"dependencies": {
				"@napi-rs/canvas": "^0.1.34",
				"discord.js": "^14.7.1",
				"dotenv": "^16.0.3"
			},
			"devDependencies": {}
		},
		"node_modules/@discordjs/builders": {
			"version": "1.4.0",
			"license": "Apache-2.0",
			"dependencies": {
				"@discordjs/util": "^0.1.0",
				"@sapphire/shapeshift": "^3.7.1",
				"discord-api-types": "^0.37.20",
				"fast-deep-equal": "^3.1.3",
				"ts-mixer": "^6.0.2",
				"tslib": "^2.4.1"
			},
			"engines": {
				"node": ">=16.9.0"
			}
		},
		"node_modules/@discordjs/collection": {
			"version": "1.3.0",
			"license": "Apache-2.0",
			"engines": {
				"node": ">=16.9.0"
			}
		},
		"node_modules/@discordjs/rest": {
			"version": "1.5.0",
			"license": "Apache-2.0",
			"dependencies": {
				"@discordjs/collection": "^1.3.0",
				"@discordjs/util": "^0.1.0",
				"@sapphire/async-queue": "^1.5.0",
				"@sapphire/snowflake": "^3.2.2",
				"discord-api-types": "^0.37.23",
				"file-type": "^18.0.0",
				"tslib": "^2.4.1",
				"undici": "^5.13.0"
			},
			"engines": {
				"node": ">=16.9.0"
			}
		},
		"node_modules/@discordjs/util": {
			"version": "0.1.0",
			"license": "Apache-2.0",
			"engines": {
				"node": ">=16.9.0"
			}
		},
		"node_modules/@napi-rs/canvas": {
			"version": "0.1.34",
			"resolved": "https://registry.npmjs.org/@napi-rs/canvas/-/canvas-0.1.34.tgz",
			"integrity": "sha512-Nw719Ne/523nRIsM3ZHRfZFHKLE7Hy8K0ChQZNvOP4GebLBmeoySzEIaxxG4xja+jDGwhkbh43raMK7No9kx7A==",
			"engines": {
				"node": ">= 10"
			},
			"optionalDependencies": {
				"@napi-rs/canvas-android-arm64": "0.1.34",
				"@napi-rs/canvas-darwin-arm64": "0.1.34",
				"@napi-rs/canvas-darwin-x64": "0.1.34",
				"@napi-rs/canvas-linux-arm-gnueabihf": "0.1.34",
				"@napi-rs/canvas-linux-arm64-gnu": "0.1.34",
				"@napi-rs/canvas-linux-arm64-musl": "0.1.34",
				"@napi-rs/canvas-linux-x64-gnu": "0.1.34",
				"@napi-rs/canvas-linux-x64-musl": "0.1.34",
				"@napi-rs/canvas-win32-x64-msvc": "0.1.34"
			}
		},
		"node_modules/@napi-rs/canvas-android-arm64": {
			"version": "0.1.34",
			"resolved": "https://registry.npmjs.org/@napi-rs/canvas-android-arm64/-/canvas-android-arm64-0.1.34.tgz",
			"integrity": "sha512-oj6zoaLG3Re3EpKSaXy6rkYpw+dCiqFSpl2JL/uWZ5F2oB3A9KKL3wydQljgg8D40I6wEFAyUpbYgTU4q14quQ==",
			"cpu": [
				"arm64"
			],
			"optional": true,
			"os": [
				"android"
			],
			"engines": {
				"node": ">= 10"
			}
		},
		"node_modules/@napi-rs/canvas-darwin-arm64": {
			"version": "0.1.34",
			"resolved": "https://registry.npmjs.org/@napi-rs/canvas-darwin-arm64/-/canvas-darwin-arm64-0.1.34.tgz",
			"integrity": "sha512-P8oEeRHJ5z2TYg+rHtEk5lxdODtvYKwfs3v8Uy5EuQJ7PIoEFjUfQnnntuZ1LwbDz0TfuaJz0aRH9TjMNnBKBw==",
			"cpu": [
				"arm64"
			],
			"optional": true,
			"os": [
				"darwin"
			],
			"engines": {
				"node": ">= 10"
			}
		},
		"node_modules/@napi-rs/canvas-darwin-x64": {
			"version": "0.1.34",
			"resolved": "https://registry.npmjs.org/@napi-rs/canvas-darwin-x64/-/canvas-darwin-x64-0.1.34.tgz",
			"integrity": "sha512-TptzmEvPbQtZQfpdVqXzvvyy0gRIxFSeaavUJEA0wstuXmMEEL3Ge6rk/lX38ixrwC6rTB3V6e2hziRd1UZ9Pg==",
			"cpu": [
				"x64"
			],
			"optional": true,
			"os": [
				"darwin"
			],
			"engines": {
				"node": ">= 10"
			}
		},
		"node_modules/@napi-rs/canvas-linux-arm-gnueabihf": {
			"version": "0.1.34",
			"resolved": "https://registry.npmjs.org/@napi-rs/canvas-linux-arm-gnueabihf/-/canvas-linux-arm-gnueabihf-0.1.34.tgz",
			"integrity": "sha512-w54DIqvdxc+cIP3y0esC26G5BKICE4nvo6J0u/q9zZruvnLkInKariAOMTN0gmDjZjHY3a5lTro4CTg0Odoteg==",
			"cpu": [
				"arm"
			],
			"optional": true,
			"os": [
				"linux"
			],
			"engines": {
				"node": ">= 10"
			}
		},
		"node_modules/@napi-rs/canvas-linux-arm64-gnu": {
			"version": "0.1.34",
			"resolved": "https://registry.npmjs.org/@napi-rs/canvas-linux-arm64-gnu/-/canvas-linux-arm64-gnu-0.1.34.tgz",
			"integrity": "sha512-N008ta7zer8v3cky4YLT9IcOmVmL7PyJ2P7L65GeICfOkczOD9THdgcbPWa6NNbHiDSHPSsXVRRrb5uAIDNbZQ==",
			"cpu": [
				"arm64"
			],
			"hasInstallScript": true,
			"optional": true,
			"os": [
				"linux"
			],
			"engines": {
				"node": ">= 10"
			}
		},
		"node_modules/@napi-rs/canvas-linux-arm64-musl": {
			"version": "0.1.34",
			"resolved": "https://registry.npmjs.org/@napi-rs/canvas-linux-arm64-musl/-/canvas-linux-arm64-musl-0.1.34.tgz",
			"integrity": "sha512-/axLA9UrNri93JqlbQaZ4Md2zUMwWxSHnTnlOnGBpDrAvFHrZ8VgYvQU6SbaiAuC7NvqADFgZ+lINo2JCMl1tw==",
			"cpu": [
				"arm64"
			],
			"hasInstallScript": true,
			"optional": true,
			"os": [
				"linux"
			],
			"engines": {
				"node": ">= 10"
			}
		},
		"node_modules/@napi-rs/canvas-linux-x64-gnu": {
			"version": "0.1.34",
			"resolved": "https://registry.npmjs.org/@napi-rs/canvas-linux-x64-gnu/-/canvas-linux-x64-gnu-0.1.34.tgz",
			"integrity": "sha512-YEYdWWmAdZt/02t22DFlqFxANmmEI6/Vyqoz+7+Y6s/6nAohQ/S9qRjeYtMYW4J6qxSpoVhOm8NkZ7niv4OFJA==",
			"cpu": [
				"x64"
			],
			"hasInstallScript": true,
			"optional": true,
			"os": [
				"linux"
			],
			"engines": {
				"node": ">= 10"
			}
		},
		"node_modules/@napi-rs/canvas-linux-x64-musl": {
			"version": "0.1.34",
			"resolved": "https://registry.npmjs.org/@napi-rs/canvas-linux-x64-musl/-/canvas-linux-x64-musl-0.1.34.tgz",
			"integrity": "sha512-K4Nk/BL6TiLkMU8QAH45j/YAn7B4//cp6FvivGJBr7/unEm+nv8nSFX/ueBV9G6/lyOBKcWdiMWoclJxVP9q4A==",
			"cpu": [
				"x64"
			],
			"hasInstallScript": true,
			"optional": true,
			"os": [
				"linux"
			],
			"engines": {
				"node": ">= 10"
			}
		},
		"node_modules/@napi-rs/canvas-win32-x64-msvc": {
			"version": "0.1.34",
			"resolved": "https://registry.npmjs.org/@napi-rs/canvas-win32-x64-msvc/-/canvas-win32-x64-msvc-0.1.34.tgz",
			"integrity": "sha512-k8tPRVbB0svxC3sZ1qxMJbJYjnFN1oyi344DwbbOeUTUQNyGPwrpsHjtnPbNogl0/i/jFtRXH6fI5fCngmolCA==",
			"cpu": [
				"x64"
			],
			"optional": true,
			"os": [
				"win32"
			],
			"engines": {
				"node": ">= 10"
			}
		},
		"node_modules/@sapphire/async-queue": {
			"version": "1.5.0",
			"license": "MIT",
			"engines": {
				"node": ">=v14.0.0",
				"npm": ">=7.0.0"
			}
		},
		"node_modules/@sapphire/shapeshift": {
			"version": "3.8.1",
			"license": "MIT",
			"dependencies": {
				"fast-deep-equal": "^3.1.3",
				"lodash": "^4.17.21"
			},
			"engines": {
				"node": ">=v14.0.0",
				"npm": ">=7.0.0"
			}
		},
		"node_modules/@sapphire/snowflake": {
			"version": "3.4.0",
			"license": "MIT",
			"engines": {
				"node": ">=v14.0.0",
				"npm": ">=7.0.0"
			}
		},
		"node_modules/@tokenizer/token": {
			"version": "0.3.0",
			"license": "MIT"
		},
		"node_modules/@types/node": {
			"version": "18.11.18",
			"license": "MIT"
		},
		"node_modules/@types/ws": {
			"version": "8.5.4",
			"license": "MIT",
			"dependencies": {
				"@types/node": "*"
			}
		},
		"node_modules/busboy": {
			"version": "1.6.0",
			"dependencies": {
				"streamsearch": "^1.1.0"
			},
			"engines": {
				"node": ">=10.16.0"
			}
		},
		"node_modules/discord-api-types": {
			"version": "0.37.28",
			"license": "MIT"
		},
		"node_modules/discord.js": {
			"version": "14.7.1",
			"license": "Apache-2.0",
			"dependencies": {
				"@discordjs/builders": "^1.4.0",
				"@discordjs/collection": "^1.3.0",
				"@discordjs/rest": "^1.4.0",
				"@discordjs/util": "^0.1.0",
				"@sapphire/snowflake": "^3.2.2",
				"@types/ws": "^8.5.3",
				"discord-api-types": "^0.37.20",
				"fast-deep-equal": "^3.1.3",
				"lodash.snakecase": "^4.1.1",
				"tslib": "^2.4.1",
				"undici": "^5.13.0",
				"ws": "^8.11.0"
			},
			"engines": {
				"node": ">=16.9.0"
			}
		},
		"node_modules/dotenv": {
			"version": "16.0.3",
			"license": "BSD-2-Clause",
			"engines": {
				"node": ">=12"
			}
		},
		"node_modules/fast-deep-equal": {
			"version": "3.1.3",
			"license": "MIT"
		},
		"node_modules/file-type": {
			"version": "18.2.0",
			"license": "MIT",
			"dependencies": {
				"readable-web-to-node-stream": "^3.0.2",
				"strtok3": "^7.0.0",
				"token-types": "^5.0.1"
			},
			"engines": {
				"node": ">=14.16"
			},
			"funding": {
				"url": "https://github.com/sindresorhus/file-type?sponsor=1"
			}
		},
		"node_modules/ieee754": {
			"version": "1.2.1",
			"funding": [
				{
					"type": "github",
					"url": "https://github.com/sponsors/feross"
				},
				{
					"type": "patreon",
					"url": "https://www.patreon.com/feross"
				},
				{
					"type": "consulting",
					"url": "https://feross.org/support"
				}
			],
			"license": "BSD-3-Clause"
		},
		"node_modules/inherits": {
			"version": "2.0.4",
			"license": "ISC"
		},
		"node_modules/lodash": {
			"version": "4.17.21",
			"license": "MIT"
		},
		"node_modules/lodash.snakecase": {
			"version": "4.1.1",
			"license": "MIT"
		},
		"node_modules/peek-readable": {
			"version": "5.0.0",
			"license": "MIT",
			"engines": {
				"node": ">=14.16"
			},
			"funding": {
				"type": "github",
				"url": "https://github.com/sponsors/Borewit"
			}
		},
		"node_modules/readable-stream": {
			"version": "3.6.0",
			"license": "MIT",
			"dependencies": {
				"inherits": "^2.0.3",
				"string_decoder": "^1.1.1",
				"util-deprecate": "^1.0.1"
			},
			"engines": {
				"node": ">= 6"
			}
		},
		"node_modules/readable-web-to-node-stream": {
			"version": "3.0.2",
			"license": "MIT",
			"dependencies": {
				"readable-stream": "^3.6.0"
			},
			"engines": {
				"node": ">=8"
			},
			"funding": {
				"type": "github",
				"url": "https://github.com/sponsors/Borewit"
			}
		},
		"node_modules/safe-buffer": {
			"version": "5.2.1",
			"funding": [
				{
					"type": "github",
					"url": "https://github.com/sponsors/feross"
				},
				{
					"type": "patreon",
					"url": "https://www.patreon.com/feross"
				},
				{
					"type": "consulting",
					"url": "https://feross.org/support"
				}
			],
			"license": "MIT"
		},
		"node_modules/streamsearch": {
			"version": "1.1.0",
			"engines": {
				"node": ">=10.0.0"
			}
		},
		"node_modules/string_decoder": {
			"version": "1.3.0",
			"license": "MIT",
			"dependencies": {
				"safe-buffer": "~5.2.0"
			}
		},
		"node_modules/strtok3": {
			"version": "7.0.0",
			"license": "MIT",
			"dependencies": {
				"@tokenizer/token": "^0.3.0",
				"peek-readable": "^5.0.0"
			},
			"engines": {
				"node": ">=14.16"
			},
			"funding": {
				"type": "github",
				"url": "https://github.com/sponsors/Borewit"
			}
		},
		"node_modules/token-types": {
			"version": "5.0.1",
			"license": "MIT",
			"dependencies": {
				"@tokenizer/token": "^0.3.0",
				"ieee754": "^1.2.1"
			},
			"engines": {
				"node": ">=14.16"
			},
			"funding": {
				"type": "github",
				"url": "https://github.com/sponsors/Borewit"
			}
		},
		"node_modules/ts-mixer": {
			"version": "6.0.2",
			"license": "MIT"
		},
		"node_modules/tslib": {
			"version": "2.4.1",
			"license": "0BSD"
		},
		"node_modules/undici": {
			"version": "5.15.1",
			"license": "MIT",
			"dependencies": {
				"busboy": "^1.6.0"
			},
			"engines": {
				"node": ">=12.18"
			}
		},
		"node_modules/util-deprecate": {
			"version": "1.0.2",
			"license": "MIT"
		},
		"node_modules/ws": {
			"version": "8.12.0",
			"license": "MIT",
			"engines": {
				"node": ">=10.0.0"
			},
			"peerDependencies": {
				"bufferutil": "^4.0.1",
				"utf-8-validate": ">=5.0.2"
			},
			"peerDependenciesMeta": {
				"bufferutil": {
					"optional": true
				},
				"utf-8-validate": {
					"optional": true
				}
			}
		}
	}
}
